
Microsoft Visual Studio Solution File, Format Version 12.00
# Visual Studio 2015
Project("{FAE04EC0-301F-11D3-BF4B-00C04F79EFBC}") = "SpaceTap.CSharp", "SpaceTap.CSharp.csproj", "{0E853703-4149-8008-4C2C-7027EDFAAF59}"
EndProject
Global
	GlobalSection(SolutionConfigurationPlatforms) = preSolution
		Debug|Any CPU = Debug|Any CPU
		Release|Any CPU = Release|Any CPU
	EndGlobalSection
	GlobalSection(ProjectConfigurationPlatforms) = postSolution
		{0E853703-4149-8008-4C2C-7027EDFAAF59}.Debug|Any CPU.ActiveCfg = Debug|Any CPU
		{0E853703-4149-8008-4C2C-7027EDFAAF59}.Debug|Any CPU.Build.0 = Debug|Any CPU
		{0E853703-4149-8008-4C2C-7027EDFAAF59}.Release|Any CPU.ActiveCfg = Release|Any CPU
		{0E853703-4149-8008-4C2C-7027EDFAAF59}.Release|Any CPU.Build.0 = Release|Any CPU
	EndGlobalSection
	GlobalSection(SolutionProperties) = preSolution
		HideSolutionNode = FALSE
	EndGlobalSection
EndGlobal
